
Microsoft Visual Studio Solution File, Format Version 12.00
# Visual Studio Version 16
VisualStudioVersion = 16.0.31105.61
MinimumVisualStudioVersion = 10.0.40219.1
Project("{FAE04EC0-301F-11D3-BF4B-00C04F79EFBC}") = "lab18zavd2", "lab18zavd2\lab18zavd2.csproj", "{F5CBFCB0-BCAB-48EF-8923-B6241E97F559}"
EndProject
Global
	GlobalSection(SolutionConfigurationPlatforms) = preSolution
		Debug|Any CPU = Debug|Any CPU
		Release|Any CPU = Release|Any CPU
	EndGlobalSection
	GlobalSection(ProjectConfigurationPlatforms) = postSolution
		{F5CBFCB0-BCAB-48EF-8923-B6241E97F559}.Debug|Any CPU.ActiveCfg = Debug|Any CPU
		{F5CBFCB0-BCAB-48EF-8923-B6241E97F559}.Debug|Any CPU.Build.0 = Debug|Any CPU
		{F5CBFCB0-BCAB-48EF-8923-B6241E97F559}.Release|Any CPU.ActiveCfg = Release|Any CPU
		{F5CBFCB0-BCAB-48EF-8923-B6241E97F559}.Release|Any CPU.Build.0 = Release|Any CPU
	EndGlobalSection
	GlobalSection(SolutionProperties) = preSolution
		HideSolutionNode = FALSE
	EndGlobalSection
	GlobalSection(ExtensibilityGlobals) = postSolution
		SolutionGuid = {5836EDC7-1E08-4F67-92AB-2FB81D1CE3FC}
	EndGlobalSection
EndGlobal
